
Microsoft Visual Studio Solution File, Format Version 12.00
# Visual Studio 15
VisualStudioVersion = 15.0.28010.2016
MinimumVisualStudioVersion = 10.0.40219.1
Project("{FAE04EC0-301F-11D3-BF4B-00C04F79EFBC}") = "lab2", "lab2\lab2.csproj", "{62F03602-1E92-48BC-AB47-2401B1E9DE70}"
EndProject
Global
	GlobalSection(SolutionConfigurationPlatforms) = preSolution
		Debug|Any CPU = Debug|Any CPU
		Release|Any CPU = Release|Any CPU
	EndGlobalSection
	GlobalSection(ProjectConfigurationPlatforms) = postSolution
		{62F03602-1E92-48BC-AB47-2401B1E9DE70}.Debug|Any CPU.ActiveCfg = Debug|Any CPU
		{62F03602-1E92-48BC-AB47-2401B1E9DE70}.Debug|Any CPU.Build.0 = Debug|Any CPU
		{62F03602-1E92-48BC-AB47-2401B1E9DE70}.Release|Any CPU.ActiveCfg = Release|Any CPU
		{62F03602-1E92-48BC-AB47-2401B1E9DE70}.Release|Any CPU.Build.0 = Release|Any CPU
	EndGlobalSection
	GlobalSection(SolutionProperties) = preSolution
		HideSolutionNode = FALSE
	EndGlobalSection
	GlobalSection(ExtensibilityGlobals) = postSolution
		SolutionGuid = {7AD76B33-E989-4E27-B254-6D37B74A951F}
	EndGlobalSection
EndGlobal
